{
  "nodes": {
    "flake-utils": {
      "inputs": {
        "systems": "systems"
      },
      "locked": {
        "lastModified": 1731533236,
        "narHash": "sha256-l0KFg5HjrsfsO/JpG+r7fRrqm12kzFHyUHqHCVpMMbI=",
        "owner": "numtide",
        "repo": "flake-utils",
        "rev": "11707dc2f618dd54ca8739b309ec4fc024de578b",
        "type": "github"
      },
      "original": {
        "owner": "numtide",
        "repo": "flake-utils",
        "type": "github"
      }
    },
    "gitignore": {
      "inputs": {
        "nixpkgs": [
          "templ",
          "nixpkgs"
        ]
      },
      "locked": {
        "lastModified": 1762808025,
        "narHash": "sha256-XmjITeZNMTQXGhhww6ed/Wacy2KzD6svioyCX7pkUu4=",
        "owner": "hercules-ci",
        "repo": "gitignore.nix",
        "rev": "cb5e3fdca1de58ccbc3ef53de65bd372b48f567c",
        "type": "github"
      },
      "original": {
        "owner": "hercules-ci",
        "repo": "gitignore.nix",
        "type": "github"
      }
    },
    "nixpkgs": {
      "locked": {
        "lastModified": 1769237874,
        "narHash": "sha256-saOixpqPT4fiE/M8EfHv9I98f3sSEvt6nhMJ/z0a7xI=",
        "owner": "NixOS",
        "repo": "nixpkgs",
        "rev": "523257564973361cc3e55e3df3e77e68c20b0b80",
        "type": "github"
      },
      "original": {
        "owner": "NixOS",
        "ref": "nixpkgs-unstable",
        "repo": "nixpkgs",
        "type": "github"
      }
    },
    "nixpkgs-unstable": {
      "locked": {
        "lastModified": 1766902085,
        "narHash": "sha256-coBu0ONtFzlwwVBzmjacUQwj3G+lybcZ1oeNSQkgC0M=",
        "owner": "NixOS",
        "repo": "nixpkgs",
        "rev": "c0b0e0fddf73fd517c3471e546c0df87a42d53f4",
        "type": "github"
      },
      "original": {
        "owner": "NixOS",
        "ref": "nixos-unstable",
        "repo": "nixpkgs",
        "type": "github"
      }
    },
    "root": {
      "inputs": {
        "flake-utils": "flake-utils",
        "nixpkgs": "nixpkgs",
        "templ": "templ"
      }
    },
    "systems": {
      "locked": {
        "lastModified": 1681028828,
        "narHash": "sha256-Vy1rq5AaRuLzOxct8nz4T6wlgyUR7zLU309k9mBC768=",
        "owner": "nix-systems",
        "repo": "default",
        "rev": "da67096a3b9bf56a91d16901293e51ba5b49a27e",
        "type": "github"
      },
      "original": {
        "owner": "nix-systems",
        "repo": "default",
        "type": "github"
      }
    },
    "templ": {
      "inputs": {
        "gitignore": "gitignore",
        "nixpkgs": [
          "nixpkgs"
        ],
        "nixpkgs-unstable": "nixpkgs-unstable",
        "version": "version"
      },
      "locked": {
        "lastModified": 1767212439,
        "narHash": "sha256-KABEveISMy31B4kXoYY5IwFouoI4L9Jco5qMcnpeL2s=",
        "owner": "a-h",
        "repo": "templ",
        "rev": "1031b47010ec8f5edea09466df6294ef81c93053",
        "type": "github"
      },
      "original": {
        "owner": "a-h",
        "ref": "v0.3.977",
        "repo": "templ",
        "type": "github"
      }
    },
    "version": {
      "inputs": {
        "nixpkgs": [
          "templ",
          "nixpkgs"
        ]
      },
      "locked": {
        "lastModified": 1749991223,
        "narHash": "sha256-K6OM2m+Bdkbq7MvTIwI1t0aPIwmkLUDeUfev5VHpiwg=",
        "owner": "a-h",
        "repo": "version",
        "rev": "da721166410c6e7e2bea37cf3dee3948b5d0c83f",
        "type": "github"
      },
      "original": {
        "owner": "a-h",
        "ref": "0.0.10",
        "repo": "version",
        "type": "github"
      }
    }
  },
  "root": "root",
  "version": 7
}
